// !$*UTF8*$!
{
	archiveVersion = 1;
	classes = {
	};
	objectVersion = 50;
	objects = {

/* Begin PBXBuildFile section */
		3F39610C23CE1578008938A0 /* AppDelegate.swift in Sources */ = {isa = PBXBuildFile; fileRef = 3F39610B23CE1578008938A0 /* AppDelegate.swift */; };
		3F39610E23CE1578008938A0 /* SceneDelegate.swift in Sources */ = {isa = PBXBuildFile; fileRef = 3F39610D23CE1578008938A0 /* SceneDelegate.swift */; };
		3F39611323CE1578008938A0 /* Main.storyboard in Resources */ = {isa = PBXBuildFile; fileRef = 3F39611123CE1578008938A0 /* Main.storyboard */; };
		3F39611523CE157B008938A0 /* Assets.xcassets in Resources */ = {isa = PBXBuildFile; fileRef = 3F39611423CE157B008938A0 /* Assets.xcassets */; };
		3F4E9EB323EDBFEE000FAC53 /* DaysOfWeek.swift in Sources */ = {isa = PBXBuildFile; fileRef = 3F4E9EB223EDBFEE000FAC53 /* DaysOfWeek.swift */; };
		3FC2120B23DF30FD00288428 /* MedsTableViewCell.swift in Sources */ = {isa = PBXBuildFile; fileRef = 3FC2120A23DF30FD00288428 /* MedsTableViewCell.swift */; };
		3FC2120F23DF319100288428 /* SearchMedsTableViewController.swift in Sources */ = {isa = PBXBuildFile; fileRef = 3FC2120E23DF319100288428 /* SearchMedsTableViewController.swift */; };
		3FC2121323DF31E800288428 /* MedURLController.swift in Sources */ = {isa = PBXBuildFile; fileRef = 3FC2121223DF31E800288428 /* MedURLController.swift */; };
		3FC2121523DF31EC00288428 /* NetworkController.swift in Sources */ = {isa = PBXBuildFile; fileRef = 3FC2121423DF31EC00288428 /* NetworkController.swift */; };
		DA5808D823E1ED3E003A507D /* pillBox.swift in Sources */ = {isa = PBXBuildFile; fileRef = DA5808D723E1ED3E003A507D /* pillBox.swift */; };
		ED94FB6423D9FFCC0037619D /* GradientBackground.swift in Sources */ = {isa = PBXBuildFile; fileRef = ED94FB6323D9FFCC0037619D /* GradientBackground.swift */; };
		ED94FB6623DA03AD0037619D /* PillBoxViewController.swift in Sources */ = {isa = PBXBuildFile; fileRef = ED94FB6523DA03AD0037619D /* PillBoxViewController.swift */; };
		ED94FB6823DA03E10037619D /* PillDetailViewController.swift in Sources */ = {isa = PBXBuildFile; fileRef = ED94FB6723DA03E10037619D /* PillDetailViewController.swift */; };
		EDB0830A23E0864000CAD2B3 /* PillBoxTableViewCell.swift in Sources */ = {isa = PBXBuildFile; fileRef = EDB0830923E0864000CAD2B3 /* PillBoxTableViewCell.swift */; };
		EDCCAFC4240EA73500C50F35 /* extensions.swift in Sources */ = {isa = PBXBuildFile; fileRef = EDCCAFC3240EA73500C50F35 /* extensions.swift */; };
		EDD6E1B823F45F7600954E96 /* GrandparentApp.xcdatamodeld in Sources */ = {isa = PBXBuildFile; fileRef = EDD6E1B623F45F7600954E96 /* GrandparentApp.xcdatamodeld */; };
		EDD6E1BE23F46C6000954E96 /* Stack.swift in Sources */ = {isa = PBXBuildFile; fileRef = EDD6E1BD23F46C6000954E96 /* Stack.swift */; };
		EDD6E1C023F59A2700954E96 /* PillsController.swift in Sources */ = {isa = PBXBuildFile; fileRef = EDD6E1BF23F59A2700954E96 /* PillsController.swift */; };
		EDD6E1F323FD8DD300954E96 /* Pills+CoreDataClass.swift in Sources */ = {isa = PBXBuildFile; fileRef = EDD6E1F123FD8DD300954E96 /* Pills+CoreDataClass.swift */; };
		EDD6E1FC2406BC5200954E96 /* Pills+CoreDataProperties.swift in Sources */ = {isa = PBXBuildFile; fileRef = EDD6E1FB2406BC5200954E96 /* Pills+CoreDataProperties.swift */; };
		EDD6E1FE240DFA1000954E96 /* Launch Screen.storyboard in Resources */ = {isa = PBXBuildFile; fileRef = EDD6E1FD240DFA1000954E96 /* Launch Screen.storyboard */; };
/* End PBXBuildFile section */

/* Begin PBXFileReference section */
		3F39610823CE1578008938A0 /* GrandparentApp.app */ = {isa = PBXFileReference; explicitFileType = wrapper.application; includeInIndex = 0; path = GrandparentApp.app; sourceTree = BUILT_PRODUCTS_DIR; };
		3F39610B23CE1578008938A0 /* AppDelegate.swift */ = {isa = PBXFileReference; lastKnownFileType = sourcecode.swift; path = AppDelegate.swift; sourceTree = "<group>"; };
		3F39610D23CE1578008938A0 /* SceneDelegate.swift */ = {isa = PBXFileReference; lastKnownFileType = sourcecode.swift; path = SceneDelegate.swift; sourceTree = "<group>"; };
		3F39611223CE1578008938A0 /* Base */ = {isa = PBXFileReference; lastKnownFileType = file.storyboard; name = Base; path = Base.lproj/Main.storyboard; sourceTree = "<group>"; };
		3F39611423CE157B008938A0 /* Assets.xcassets */ = {isa = PBXFileReference; lastKnownFileType = folder.assetcatalog; path = Assets.xcassets; sourceTree = "<group>"; };
		3F39611923CE157B008938A0 /* Info.plist */ = {isa = PBXFileReference; lastKnownFileType = text.plist.xml; path = Info.plist; sourceTree = "<group>"; };
		3F4E9EB223EDBFEE000FAC53 /* DaysOfWeek.swift */ = {isa = PBXFileReference; lastKnownFileType = sourcecode.swift; path = DaysOfWeek.swift; sourceTree = "<group>"; };
		3FC2120A23DF30FD00288428 /* MedsTableViewCell.swift */ = {isa = PBXFileReference; fileEncoding = 4; lastKnownFileType = sourcecode.swift; path = MedsTableViewCell.swift; sourceTree = "<group>"; };
		3FC2120E23DF319100288428 /* SearchMedsTableViewController.swift */ = {isa = PBXFileReference; fileEncoding = 4; lastKnownFileType = sourcecode.swift; path = SearchMedsTableViewController.swift; sourceTree = "<group>"; };
		3FC2121223DF31E800288428 /* MedURLController.swift */ = {isa = PBXFileReference; fileEncoding = 4; lastKnownFileType = sourcecode.swift; path = MedURLController.swift; sourceTree = "<group>"; };
		3FC2121423DF31EC00288428 /* NetworkController.swift */ = {isa = PBXFileReference; lastKnownFileType = sourcecode.swift; path = NetworkController.swift; sourceTree = "<group>"; };
		DA5808D723E1ED3E003A507D /* pillBox.swift */ = {isa = PBXFileReference; lastKnownFileType = sourcecode.swift; path = pillBox.swift; sourceTree = "<group>"; };
		ED94FB6323D9FFCC0037619D /* GradientBackground.swift */ = {isa = PBXFileReference; lastKnownFileType = sourcecode.swift; path = GradientBackground.swift; sourceTree = "<group>"; };
		ED94FB6523DA03AD0037619D /* PillBoxViewController.swift */ = {isa = PBXFileReference; lastKnownFileType = sourcecode.swift; path = PillBoxViewController.swift; sourceTree = "<group>"; };
		ED94FB6723DA03E10037619D /* PillDetailViewController.swift */ = {isa = PBXFileReference; lastKnownFileType = sourcecode.swift; path = PillDetailViewController.swift; sourceTree = "<group>"; };
		EDB0830923E0864000CAD2B3 /* PillBoxTableViewCell.swift */ = {isa = PBXFileReference; lastKnownFileType = sourcecode.swift; path = PillBoxTableViewCell.swift; sourceTree = "<group>"; };
		EDCCAFC3240EA73500C50F35 /* extensions.swift */ = {isa = PBXFileReference; lastKnownFileType = sourcecode.swift; path = extensions.swift; sourceTree = "<group>"; };
		EDD6E1B723F45F7600954E96 /* GrandparentApp.xcdatamodel */ = {isa = PBXFileReference; lastKnownFileType = wrapper.xcdatamodel; path = GrandparentApp.xcdatamodel; sourceTree = "<group>"; };
		EDD6E1BD23F46C6000954E96 /* Stack.swift */ = {isa = PBXFileReference; lastKnownFileType = sourcecode.swift; path = Stack.swift; sourceTree = "<group>"; };
		EDD6E1BF23F59A2700954E96 /* PillsController.swift */ = {isa = PBXFileReference; lastKnownFileType = sourcecode.swift; path = PillsController.swift; sourceTree = "<group>"; };
		EDD6E1F123FD8DD300954E96 /* Pills+CoreDataClass.swift */ = {isa = PBXFileReference; lastKnownFileType = sourcecode.swift; path = "Pills+CoreDataClass.swift"; sourceTree = "<group>"; };
		EDD6E1FB2406BC5200954E96 /* Pills+CoreDataProperties.swift */ = {isa = PBXFileReference; lastKnownFileType = sourcecode.swift; path = "Pills+CoreDataProperties.swift"; sourceTree = "<group>"; };
		EDD6E1FD240DFA1000954E96 /* Launch Screen.storyboard */ = {isa = PBXFileReference; lastKnownFileType = file.storyboard; path = "Launch Screen.storyboard"; sourceTree = "<group>"; };
/* End PBXFileReference section */

/* Begin PBXFrameworksBuildPhase section */
		3F39610523CE1578008938A0 /* Frameworks */ = {
			isa = PBXFrameworksBuildPhase;
			buildActionMask = 2147483647;
			files = (
			);
			runOnlyForDeploymentPostprocessing = 0;
		};
/* End PBXFrameworksBuildPhase section */

/* Begin PBXGroup section */
		3F3960FF23CE1578008938A0 = {
			isa = PBXGroup;
			children = (
				3F39610A23CE1578008938A0 /* GrandparentAPP */,
				3F39610923CE1578008938A0 /* Products */,
			);
			sourceTree = "<group>";
		};
		3F39610923CE1578008938A0 /* Products */ = {
			isa = PBXGroup;
			children = (
				3F39610823CE1578008938A0 /* GrandparentApp.app */,
			);
			name = Products;
			sourceTree = "<group>";
		};
		3F39610A23CE1578008938A0 /* GrandparentAPP */ = {
			isa = PBXGroup;
			children = (
				3F39610B23CE1578008938A0 /* AppDelegate.swift */,
				3F39610D23CE1578008938A0 /* SceneDelegate.swift */,
				ED94FB6023D9FF8D0037619D /* Model */,
				ED94FB6123D9FF950037619D /* View */,
				EDB0830223DF3DF400CAD2B3 /* Controllers */,
				3F39611123CE1578008938A0 /* Main.storyboard */,
				3F39611423CE157B008938A0 /* Assets.xcassets */,
				EDD6E1FD240DFA1000954E96 /* Launch Screen.storyboard */,
				DA5808D723E1ED3E003A507D /* pillBox.swift */,
				3F39611923CE157B008938A0 /* Info.plist */,
			);
			path = GrandparentAPP;
			sourceTree = "<group>";
		};
		ED94FB6023D9FF8D0037619D /* Model */ = {
			isa = PBXGroup;
			children = (
				EDD6E1FB2406BC5200954E96 /* Pills+CoreDataProperties.swift */,
				EDD6E1F123FD8DD300954E96 /* Pills+CoreDataClass.swift */,
				EDD6E1B623F45F7600954E96 /* GrandparentApp.xcdatamodeld */,
				EDD6E1BD23F46C6000954E96 /* Stack.swift */,
				3F4E9EB223EDBFEE000FAC53 /* DaysOfWeek.swift */,
				ED94FB6323D9FFCC0037619D /* GradientBackground.swift */,
				EDCCAFC3240EA73500C50F35 /* extensions.swift */,
			);
			path = Model;
			sourceTree = "<group>";
		};
		ED94FB6123D9FF950037619D /* View */ = {
			isa = PBXGroup;
			children = (
				ED94FB6523DA03AD0037619D /* PillBoxViewController.swift */,
				EDB0830923E0864000CAD2B3 /* PillBoxTableViewCell.swift */,
				ED94FB6723DA03E10037619D /* PillDetailViewController.swift */,
				3FC2120A23DF30FD00288428 /* MedsTableViewCell.swift */,
				3FC2120E23DF319100288428 /* SearchMedsTableViewController.swift */,
			);
			path = View;
			sourceTree = "<group>";
		};
		EDB0830223DF3DF400CAD2B3 /* Controllers */ = {
			isa = PBXGroup;
			children = (
				3FC2121223DF31E800288428 /* MedURLController.swift */,
				3FC2121423DF31EC00288428 /* NetworkController.swift */,
				EDD6E1BF23F59A2700954E96 /* PillsController.swift */,
			);
			path = Controllers;
			sourceTree = "<group>";
		};
/* End PBXGroup section */

/* Begin PBXNativeTarget section */
		3F39610723CE1578008938A0 /* GrandparentAPP */ = {
			isa = PBXNativeTarget;
			buildConfigurationList = 3F39611C23CE157B008938A0 /* Build configuration list for PBXNativeTarget "GrandparentAPP" */;
			buildPhases = (
				3F39610423CE1578008938A0 /* Sources */,
				3F39610523CE1578008938A0 /* Frameworks */,
				3F39610623CE1578008938A0 /* Resources */,
			);
			buildRules = (
			);
			dependencies = (
			);
			name = GrandparentAPP;
			productName = GrandparentAPP;
			productReference = 3F39610823CE1578008938A0 /* GrandparentApp.app */;
			productType = "com.apple.product-type.application";
		};
/* End PBXNativeTarget section */

/* Begin PBXProject section */
		3F39610023CE1578008938A0 /* Project object */ = {
			isa = PBXProject;
			attributes = {
				LastSwiftUpdateCheck = 1130;
				LastUpgradeCheck = 1130;
				ORGANIZATIONNAME = "Kaden Storrs";
				TargetAttributes = {
					3F39610723CE1578008938A0 = {
						CreatedOnToolsVersion = 11.3.1;
					};
				};
			};
			buildConfigurationList = 3F39610323CE1578008938A0 /* Build configuration list for PBXProject "GrandparentAPP" */;
			compatibilityVersion = "Xcode 9.3";
			developmentRegion = en;
			hasScannedForEncodings = 0;
			knownRegions = (
				en,
				Base,
			);
			mainGroup = 3F3960FF23CE1578008938A0;
			productRefGroup = 3F39610923CE1578008938A0 /* Products */;
			projectDirPath = "";
			projectRoot = "";
			targets = (
				3F39610723CE1578008938A0 /* GrandparentAPP */,
			);
		};
/* End PBXProject section */

/* Begin PBXResourcesBuildPhase section */
		3F39610623CE1578008938A0 /* Resources */ = {
			isa = PBXResourcesBuildPhase;
			buildActionMask = 2147483647;
			files = (
				EDD6E1FE240DFA1000954E96 /* Launch Screen.storyboard in Resources */,
				3F39611523CE157B008938A0 /* Assets.xcassets in Resources */,
				3F39611323CE1578008938A0 /* Main.storyboard in Resources */,
			);
			runOnlyForDeploymentPostprocessing = 0;
		};
/* End PBXResourcesBuildPhase section */

/* Begin PBXSourcesBuildPhase section */
		3F39610423CE1578008938A0 /* Sources */ = {
			isa = PBXSourcesBuildPhase;
			buildActionMask = 2147483647;
			files = (
				DA5808D823E1ED3E003A507D /* pillBox.swift in Sources */,
				EDD6E1C023F59A2700954E96 /* PillsController.swift in Sources */,
				3FC2121523DF31EC00288428 /* NetworkController.swift in Sources */,
				3F4E9EB323EDBFEE000FAC53 /* DaysOfWeek.swift in Sources */,
				ED94FB6623DA03AD0037619D /* PillBoxViewController.swift in Sources */,
				EDCCAFC4240EA73500C50F35 /* extensions.swift in Sources */,
				EDD6E1BE23F46C6000954E96 /* Stack.swift in Sources */,
				EDD6E1F323FD8DD300954E96 /* Pills+CoreDataClass.swift in Sources */,
				EDD6E1B823F45F7600954E96 /* GrandparentApp.xcdatamodeld in Sources */,
				ED94FB6823DA03E10037619D /* PillDetailViewController.swift in Sources */,
				3FC2120F23DF319100288428 /* SearchMedsTableViewController.swift in Sources */,
				EDB0830A23E0864000CAD2B3 /* PillBoxTableViewCell.swift in Sources */,
				EDD6E1FC2406BC5200954E96 /* Pills+CoreDataProperties.swift in Sources */,
				3FC2121323DF31E800288428 /* MedURLController.swift in Sources */,
				ED94FB6423D9FFCC0037619D /* GradientBackground.swift in Sources */,
				3F39610C23CE1578008938A0 /* AppDelegate.swift in Sources */,
				3FC2120B23DF30FD00288428 /* MedsTableViewCell.swift in Sources */,
				3F39610E23CE1578008938A0 /* SceneDelegate.swift in Sources */,
			);
			runOnlyForDeploymentPostprocessing = 0;
		};
/* End PBXSourcesBuildPhase section */

/* Begin PBXVariantGroup section */
		3F39611123CE1578008938A0 /* Main.storyboard */ = {
			isa = PBXVariantGroup;
			children = (
				3F39611223CE1578008938A0 /* Base */,
			);
			name = Main.storyboard;
			sourceTree = "<group>";
		};
/* End PBXVariantGroup section */

/* Begin XCBuildConfiguration section */
		3F39611A23CE157B008938A0 /* Debug */ = {
			isa = XCBuildConfiguration;
			buildSettings = {
				ALWAYS_SEARCH_USER_PATHS = NO;
				CLANG_ANALYZER_NONNULL = YES;
				CLANG_ANALYZER_NUMBER_OBJECT_CONVERSION = YES_AGGRESSIVE;
				CLANG_CXX_LANGUAGE_STANDARD = "gnu++14";
				CLANG_CXX_LIBRARY = "libc++";
				CLANG_ENABLE_MODULES = YES;
				CLANG_ENABLE_OBJC_ARC = YES;
				CLANG_ENABLE_OBJC_WEAK = YES;
				CLANG_WARN_BLOCK_CAPTURE_AUTORELEASING = YES;
				CLANG_WARN_BOOL_CONVERSION = YES;
				CLANG_WARN_COMMA = YES;
				CLANG_WARN_CONSTANT_CONVERSION = YES;
				CLANG_WARN_DEPRECATED_OBJC_IMPLEMENTATIONS = YES;
				CLANG_WARN_DIRECT_OBJC_ISA_USAGE = YES_ERROR;
				CLANG_WARN_DOCUMENTATION_COMMENTS = YES;
				CLANG_WARN_EMPTY_BODY = YES;
				CLANG_WARN_ENUM_CONVERSION = YES;
				CLANG_WARN_INFINITE_RECURSION = YES;
				CLANG_WARN_INT_CONVERSION = YES;
				CLANG_WARN_NON_LITERAL_NULL_CONVERSION = YES;
				CLANG_WARN_OBJC_IMPLICIT_RETAIN_SELF = YES;
				CLANG_WARN_OBJC_LITERAL_CONVERSION = YES;
				CLANG_WARN_OBJC_ROOT_CLASS = YES_ERROR;
				CLANG_WARN_RANGE_LOOP_ANALYSIS = YES;
				CLANG_WARN_STRICT_PROTOTYPES = YES;
				CLANG_WARN_SUSPICIOUS_MOVE = YES;
				CLANG_WARN_UNGUARDED_AVAILABILITY = YES_AGGRESSIVE;
				CLANG_WARN_UNREACHABLE_CODE = YES;
				CLANG_WARN__DUPLICATE_METHOD_MATCH = YES;
				COPY_PHASE_STRIP = NO;
				DEBUG_INFORMATION_FORMAT = dwarf;
				ENABLE_STRICT_OBJC_MSGSEND = YES;
				ENABLE_TESTABILITY = YES;
				GCC_C_LANGUAGE_STANDARD = gnu11;
				GCC_DYNAMIC_NO_PIC = NO;
				GCC_NO_COMMON_BLOCKS = YES;
				GCC_OPTIMIZATION_LEVEL = 0;
				GCC_PREPROCESSOR_DEFINITIONS = (
					"DEBUG=1",
					"$(inherited)",
				);
				GCC_WARN_64_TO_32_BIT_CONVERSION = YES;
				GCC_WARN_ABOUT_RETURN_TYPE = YES_ERROR;
				GCC_WARN_UNDECLARED_SELECTOR = YES;
				GCC_WARN_UNINITIALIZED_AUTOS = YES_AGGRESSIVE;
				GCC_WARN_UNUSED_FUNCTION = YES;
				GCC_WARN_UNUSED_VARIABLE = YES;
				IPHONEOS_DEPLOYMENT_TARGET = 13.2;
				MTL_ENABLE_DEBUG_INFO = INCLUDE_SOURCE;
				MTL_FAST_MATH = YES;
				ONLY_ACTIVE_ARCH = YES;
				SDKROOT = iphoneos;
				SWIFT_ACTIVE_COMPILATION_CONDITIONS = DEBUG;
				SWIFT_OPTIMIZATION_LEVEL = "-Onone";
			};
			name = Debug;
		};
		3F39611B23CE157B008938A0 /* Release */ = {
			isa = XCBuildConfiguration;
			buildSettings = {
				ALWAYS_SEARCH_USER_PATHS = NO;
				CLANG_ANALYZER_NONNULL = YES;
				CLANG_ANALYZER_NUMBER_OBJECT_CONVERSION = YES_AGGRESSIVE;
				CLANG_CXX_LANGUAGE_STANDARD = "gnu++14";
				CLANG_CXX_LIBRARY = "libc++";
				CLANG_ENABLE_MODULES = YES;
				CLANG_ENABLE_OBJC_ARC = YES;
				CLANG_ENABLE_OBJC_WEAK = YES;
				CLANG_WARN_BLOCK_CAPTURE_AUTORELEASING = YES;
				CLANG_WARN_BOOL_CONVERSION = YES;
				CLANG_WARN_COMMA = YES;
				CLANG_WARN_CONSTANT_CONVERSION = YES;
				CLANG_WARN_DEPRECATED_OBJC_IMPLEMENTATIONS = YES;
				CLANG_WARN_DIRECT_OBJC_ISA_USAGE = YES_ERROR;
				CLANG_WARN_DOCUMENTATION_COMMENTS = YES;
				CLANG_WARN_EMPTY_BODY = YES;
				CLANG_WARN_ENUM_CONVERSION = YES;
				CLANG_WARN_INFINITE_RECURSION = YES;
				CLANG_WARN_INT_CONVERSION = YES;
				CLANG_WARN_NON_LITERAL_NULL_CONVERSION = YES;
				CLANG_WARN_OBJC_IMPLICIT_RETAIN_SELF = YES;
				CLANG_WARN_OBJC_LITERAL_CONVERSION = YES;
				CLANG_WARN_OBJC_ROOT_CLASS = YES_ERROR;
				CLANG_WARN_RANGE_LOOP_ANALYSIS = YES;
				CLANG_WARN_STRICT_PROTOTYPES = YES;
				CLANG_WARN_SUSPICIOUS_MOVE = YES;
				CLANG_WARN_UNGUARDED_AVAILABILITY = YES_AGGRESSIVE;
				CLANG_WARN_UNREACHABLE_CODE = YES;
				CLANG_WARN__DUPLICATE_METHOD_MATCH = YES;
				COPY_PHASE_STRIP = NO;
				DEBUG_INFORMATION_FORMAT = "dwarf-with-dsym";
				ENABLE_NS_ASSERTIONS = NO;
				ENABLE_STRICT_OBJC_MSGSEND = YES;
				GCC_C_LANGUAGE_STANDARD = gnu11;
				GCC_NO_COMMON_BLOCKS = YES;
				GCC_WARN_64_TO_32_BIT_CONVERSION = YES;
				GCC_WARN_ABOUT_RETURN_TYPE = YES_ERROR;
				GCC_WARN_UNDECLARED_SELECTOR = YES;
				GCC_WARN_UNINITIALIZED_AUTOS = YES_AGGRESSIVE;
				GCC_WARN_UNUSED_FUNCTION = YES;
				GCC_WARN_UNUSED_VARIABLE = YES;
				IPHONEOS_DEPLOYMENT_TARGET = 13.2;
				MTL_ENABLE_DEBUG_INFO = NO;
				MTL_FAST_MATH = YES;
				SDKROOT = iphoneos;
				SWIFT_COMPILATION_MODE = wholemodule;
				SWIFT_OPTIMIZATION_LEVEL = "-O";
				VALIDATE_PRODUCT = YES;
			};
			name = Release;
		};
		3F39611D23CE157B008938A0 /* Debug */ = {
			isa = XCBuildConfiguration;
			buildSettings = {
				ASSETCATALOG_COMPILER_APPICON_NAME = AppIcon;
				CODE_SIGN_STYLE = Automatic;
				DEVELOPMENT_TEAM = "";
				INFOPLIST_FILE = GrandparentAPP/Info.plist;
				LD_RUNPATH_SEARCH_PATHS = (
					"$(inherited)",
					"@executable_path/Frameworks",
				);
				PRODUCT_BUNDLE_IDENTIFIER = "com-kadenstorrs.GrandparentAPP";
				PRODUCT_NAME = GrandparentApp;
				SWIFT_VERSION = 5.0;
				TARGETED_DEVICE_FAMILY = 1;
			};
			name = Debug;
		};
		3F39611E23CE157B008938A0 /* Release */ = {
			isa = XCBuildConfiguration;
			buildSettings = {
				ASSETCATALOG_COMPILER_APPICON_NAME = AppIcon;
				CODE_SIGN_STYLE = Automatic;
				DEVELOPMENT_TEAM = T3ZR4UN5F8;
				INFOPLIST_FILE = GrandparentAPP/Info.plist;
				LD_RUNPATH_SEARCH_PATHS = (
					"$(inherited)",
					"@executable_path/Frameworks",
				);
				PRODUCT_BUNDLE_IDENTIFIER = com.Ella.GrandparentAPP;
				PRODUCT_NAME = GrandparentApp;
				SWIFT_VERSION = 5.0;
				TARGETED_DEVICE_FAMILY = 1;
			};
			name = Release;
		};
/* End XCBuildConfiguration section */

/* Begin XCConfigurationList section */
		3F39610323CE1578008938A0 /* Build configuration list for PBXProject "GrandparentAPP" */ = {
			isa = XCConfigurationList;
			buildConfigurations = (
				3F39611A23CE157B008938A0 /* Debug */,
				3F39611B23CE157B008938A0 /* Release */,
			);
			defaultConfigurationIsVisible = 0;
			defaultConfigurationName = Release;
		};
		3F39611C23CE157B008938A0 /* Build configuration list for PBXNativeTarget "GrandparentAPP" */ = {
			isa = XCConfigurationList;
			buildConfigurations = (
				3F39611D23CE157B008938A0 /* Debug */,
				3F39611E23CE157B008938A0 /* Release */,
			);
			defaultConfigurationIsVisible = 0;
			defaultConfigurationName = Release;
		};
/* End XCConfigurationList section */

/* Begin XCVersionGroup section */
		EDD6E1B623F45F7600954E96 /* GrandparentApp.xcdatamodeld */ = {
			isa = XCVersionGroup;
			children = (
				EDD6E1B723F45F7600954E96 /* GrandparentApp.xcdatamodel */,
			);
			currentVersion = EDD6E1B723F45F7600954E96 /* GrandparentApp.xcdatamodel */;
			path = GrandparentApp.xcdatamodeld;
			sourceTree = "<group>";
			versionGroupType = wrapper.xcdatamodel;
		};
/* End XCVersionGroup section */
	};
	rootObject = 3F39610023CE1578008938A0 /* Project object */;
}
